# THIS IS AN AUTOGENERATED FILE. DO NOT EDIT THIS FILE DIRECTLY.
# yarn lockfile v1


"@babel/helper-plugin-utils@^7.8.0":
  version "7.18.6"
  resolved "https://registry.yarnpkg.com/@babel/helper-plugin-utils/-/helper-plugin-utils-7.18.6.tgz#9448974dd4fb1d80fefe72e8a0af37809cd30d6d"
  integrity sha512-gvZnm1YAAxh13eJdkb9EWHBnF3eAub3XTLCZEehHT2kWxiKVRL64+ae5Y6Ivne0mVHmMYKT+xWgZO+gQhuLUBg==

"@babel/plugin-syntax-object-rest-spread@^7.8.3":
  version "7.8.3"
  resolved "https://registry.yarnpkg.com/@babel/plugin-syntax-object-rest-spread/-/plugin-syntax-object-rest-spread-7.8.3.tgz#60e225edcbd98a640332a2e72dd3e66f1af55871"
  integrity sha512-XoqMijGZb9y3y2XskN+P1wUGiVwWZ5JmoDRwx5+3GmEplNyVM2s2Dg8ILFQm8rWM48orGy5YpI5Bl8U1y7ydlA==
  dependencies:
    "@babel/helper-plugin-utils" "^7.8.0"

"@google/model-viewer@^1.12.0":
  version "1.12.0"
  resolved "https://registry.yarnpkg.com/@google/model-viewer/-/model-viewer-1.12.0.tgz#d67f983f6ab65c1c97db2be431eef7878293d57a"
  integrity sha512-z6fn13vkY2ffQVEO2mtNK3zexqezsr57mO0SrSIJwvPSJnLPLLLCdSvR+2xNFUEbbbejBrgERV07kjcMReu87Q==
  dependencies:
    lit "^2.2.3"
    three "^0.139.2"

"@lit/reactive-element@^1.3.0":
  version "1.3.3"
  resolved "https://registry.yarnpkg.com/@lit/reactive-element/-/reactive-element-1.3.3.tgz#851de2bd28d6c3378a816a28d2505075931559c2"
  integrity sha512-ukelZ49tzUqgOAEbVujl/U62JNK3wdn5kKtXVqrjKND4QvHACZOMOYaZI6/5Jd8vsg+Fq9HDwiib70FBLydOiQ==

"@types/trusted-types@^2.0.2":
  version "2.0.2"
  resolved "https://registry.yarnpkg.com/@types/trusted-types/-/trusted-types-2.0.2.tgz#fc25ad9943bcac11cceb8168db4f275e0e72e756"
  integrity sha512-F5DIZ36YVLE+PN+Zwws4kJogq47hNgX3Nx6WyDJ3kcplxyke3XIzB8uK5n/Lpm1HBsbGzd6nmGehL8cPekP+Tg==

lit-element@^3.2.0:
  version "3.2.1"
  resolved "https://registry.yarnpkg.com/lit-element/-/lit-element-3.2.1.tgz#f917d22451b848768f84164d41eb5e18903986e3"
  integrity sha512-2PxyE9Yq9Jyo/YBK2anycaHcqo93YvB5D+24JxloPVqryW/BOXekne+jGsm0Ke3E5E2v7CDgkmpEmCAzYfrHCQ==
  dependencies:
    "@lit/reactive-element" "^1.3.0"
    lit-html "^2.2.0"

lit-html@^2.2.0:
  version "2.2.6"
  resolved "https://registry.yarnpkg.com/lit-html/-/lit-html-2.2.6.tgz#e70679605420a34c4f3cbd0c483b2fb1fff781df"
  integrity sha512-xOKsPmq/RAKJ6dUeOxhmOYFjcjf0Q7aSdfBJgdJkOfCUnkmmJPxNrlZpRBeVe1Gg50oYWMlgm6ccAE/SpJgSdw==
  dependencies:
    "@types/trusted-types" "^2.0.2"

lit@^2.2.3:
  version "2.2.7"
  resolved "https://registry.yarnpkg.com/lit/-/lit-2.2.7.tgz#a563e8851db1f131912f510129dcc9a42324e838"
  integrity sha512-WXYujlKFwme5ZqXOZoWuRVZQAwy7scbcVT3wCbAOHefOxyscqjywWGlF2e6nnC9E64yP9l2ZQlN8wZcRlrjUMQ==
  dependencies:
    "@lit/reactive-element" "^1.3.0"
    lit-element "^3.2.0"
    lit-html "^2.2.0"

"react-ar-viewer@link:..":
  version "0.0.0"
  uid ""

"react-dom@link:../node_modules/react-dom":
  version "0.0.0"
  uid ""

"react-scripts@link:../node_modules/react-scripts":
  version "0.0.0"
  uid ""

"react@link:../node_modules/react":
  version "0.0.0"
  uid ""

three@^0.139.2:
  version "0.139.2"
  resolved "https://registry.yarnpkg.com/three/-/three-0.139.2.tgz#b110799a15736df673b9293e31653a4ac73648dd"
  integrity sha512-gV7q7QY8rogu7HLFZR9cWnOQAUedUhu2WXAnpr2kdXZP9YDKsG/0ychwQvWkZN5PlNw9mv5MoCTin6zNTXoONg==
